
Microsoft Visual Studio Solution File, Format Version 12.00
Project("{FAE04EC0-301F-11D3-BF4B-00C04F79EFBC}") = "WA.BlogArticle.Libs", "WA.BlogArticle.Libs\WA.BlogArticle.Libs.csproj", "{8432E001-A358-40C3-B6A0-5356766E3DA8}"
EndProject
Global
	GlobalSection(SolutionConfigurationPlatforms) = preSolution
		Debug|Any CPU = Debug|Any CPU
		Release|Any CPU = Release|Any CPU
	EndGlobalSection
	GlobalSection(ProjectConfigurationPlatforms) = postSolution
		{8432E001-A358-40C3-B6A0-5356766E3DA8}.Debug|Any CPU.ActiveCfg = Debug|Any CPU
		{8432E001-A358-40C3-B6A0-5356766E3DA8}.Debug|Any CPU.Build.0 = Debug|Any CPU
		{8432E001-A358-40C3-B6A0-5356766E3DA8}.Release|Any CPU.ActiveCfg = Release|Any CPU
		{8432E001-A358-40C3-B6A0-5356766E3DA8}.Release|Any CPU.Build.0 = Release|Any CPU
	EndGlobalSection
EndGlobal
